
Microsoft Visual Studio Solution File, Format Version 12.00
# Visual Studio Version 16
VisualStudioVersion = 16.0.29609.76
MinimumVisualStudioVersion = 10.0.40219.1
Project("{FAE04EC0-301F-11D3-BF4B-00C04F79EFBC}") = "week2.02", "week2.02\week2.02.csproj", "{30190529-1F1C-4839-B029-74909F8C671B}"
EndProject
Global
	GlobalSection(SolutionConfigurationPlatforms) = preSolution
		Debug|Any CPU = Debug|Any CPU
		Release|Any CPU = Release|Any CPU
	EndGlobalSection
	GlobalSection(ProjectConfigurationPlatforms) = postSolution
		{30190529-1F1C-4839-B029-74909F8C671B}.Debug|Any CPU.ActiveCfg = Debug|Any CPU
		{30190529-1F1C-4839-B029-74909F8C671B}.Debug|Any CPU.Build.0 = Debug|Any CPU
		{30190529-1F1C-4839-B029-74909F8C671B}.Release|Any CPU.ActiveCfg = Release|Any CPU
		{30190529-1F1C-4839-B029-74909F8C671B}.Release|Any CPU.Build.0 = Release|Any CPU
	EndGlobalSection
	GlobalSection(SolutionProperties) = preSolution
		HideSolutionNode = FALSE
	EndGlobalSection
	GlobalSection(ExtensibilityGlobals) = postSolution
		SolutionGuid = {E4FD9DB2-C368-4721-9312-4949451E5FC9}
	EndGlobalSection
EndGlobal
