
Microsoft Visual Studio Solution File, Format Version 12.00
# Visual Studio Version 16
VisualStudioVersion = 16.0.29609.76
MinimumVisualStudioVersion = 10.0.40219.1
Project("{FAE04EC0-301F-11D3-BF4B-00C04F79EFBC}") = "week2_03", "week2_03\week2_03.csproj", "{159A1A0A-F634-4665-9A96-74B218423637}"
EndProject
Global
	GlobalSection(SolutionConfigurationPlatforms) = preSolution
		Debug|Any CPU = Debug|Any CPU
		Release|Any CPU = Release|Any CPU
	EndGlobalSection
	GlobalSection(ProjectConfigurationPlatforms) = postSolution
		{159A1A0A-F634-4665-9A96-74B218423637}.Debug|Any CPU.ActiveCfg = Debug|Any CPU
		{159A1A0A-F634-4665-9A96-74B218423637}.Debug|Any CPU.Build.0 = Debug|Any CPU
		{159A1A0A-F634-4665-9A96-74B218423637}.Release|Any CPU.ActiveCfg = Release|Any CPU
		{159A1A0A-F634-4665-9A96-74B218423637}.Release|Any CPU.Build.0 = Release|Any CPU
	EndGlobalSection
	GlobalSection(SolutionProperties) = preSolution
		HideSolutionNode = FALSE
	EndGlobalSection
	GlobalSection(ExtensibilityGlobals) = postSolution
		SolutionGuid = {08E8B502-81E7-4B1A-8F40-ABFE3CEA7288}
	EndGlobalSection
EndGlobal
